
Microsoft Visual Studio Solution File, Format Version 12.00
# Visual Studio Version 17
VisualStudioVersion = 17.8.34511.84
MinimumVisualStudioVersion = 10.0.40219.1
Project("{9A19103F-16F7-4668-BE54-9A1E7A4F7556}") = "CrudOfUser", "CrudOfUser.csproj", "{C6DE3DBD-6328-443F-9353-00311FC99C6E}"
EndProject
Global
	GlobalSection(SolutionConfigurationPlatforms) = preSolution
		Debug|Any CPU = Debug|Any CPU
		Release|Any CPU = Release|Any CPU
	EndGlobalSection
	GlobalSection(ProjectConfigurationPlatforms) = postSolution
		{C6DE3DBD-6328-443F-9353-00311FC99C6E}.Debug|Any CPU.ActiveCfg = Debug|Any CPU
		{C6DE3DBD-6328-443F-9353-00311FC99C6E}.Debug|Any CPU.Build.0 = Debug|Any CPU
		{C6DE3DBD-6328-443F-9353-00311FC99C6E}.Release|Any CPU.ActiveCfg = Release|Any CPU
		{C6DE3DBD-6328-443F-9353-00311FC99C6E}.Release|Any CPU.Build.0 = Release|Any CPU
	EndGlobalSection
	GlobalSection(SolutionProperties) = preSolution
		HideSolutionNode = FALSE
	EndGlobalSection
	GlobalSection(ExtensibilityGlobals) = postSolution
		SolutionGuid = {3A704961-4391-4F53-9E57-E2FE9243F96A}
	EndGlobalSection
EndGlobal
